
Microsoft Visual Studio Solution File, Format Version 12.00
# Visual Studio Version 16
VisualStudioVersion = 16.0.32602.291
MinimumVisualStudioVersion = 10.0.40219.1
Project("{9A19103F-16F7-4668-BE54-9A1E7A4F7556}") = "DLLUseTest", "DLLUseTest\DLLUseTest.csproj", "{A007409C-DABA-4677-95AD-2D0C64C1EF0D}"
EndProject
Global
	GlobalSection(SolutionConfigurationPlatforms) = preSolution
		Debug|Any CPU = Debug|Any CPU
		Debug|x64 = Debug|x64
		Release|Any CPU = Release|Any CPU
		Release|x64 = Release|x64
	EndGlobalSection
	GlobalSection(ProjectConfigurationPlatforms) = postSolution
		{A007409C-DABA-4677-95AD-2D0C64C1EF0D}.Debug|Any CPU.ActiveCfg = Debug|Any CPU
		{A007409C-DABA-4677-95AD-2D0C64C1EF0D}.Debug|Any CPU.Build.0 = Debug|Any CPU
		{A007409C-DABA-4677-95AD-2D0C64C1EF0D}.Debug|x64.ActiveCfg = Debug|x64
		{A007409C-DABA-4677-95AD-2D0C64C1EF0D}.Debug|x64.Build.0 = Debug|x64
		{A007409C-DABA-4677-95AD-2D0C64C1EF0D}.Release|Any CPU.ActiveCfg = Release|Any CPU
		{A007409C-DABA-4677-95AD-2D0C64C1EF0D}.Release|Any CPU.Build.0 = Release|Any CPU
		{A007409C-DABA-4677-95AD-2D0C64C1EF0D}.Release|x64.ActiveCfg = Release|x64
		{A007409C-DABA-4677-95AD-2D0C64C1EF0D}.Release|x64.Build.0 = Release|x64
	EndGlobalSection
	GlobalSection(SolutionProperties) = preSolution
		HideSolutionNode = FALSE
	EndGlobalSection
	GlobalSection(ExtensibilityGlobals) = postSolution
		SolutionGuid = {F460922B-7FD8-44AA-B1AB-3E224660A7AE}
	EndGlobalSection
EndGlobal
